
Microsoft Visual Studio Solution File, Format Version 12.00
# Visual Studio Version 17
VisualStudioVersion = 17.8.34511.84
MinimumVisualStudioVersion = 10.0.40219.1
Project("{FAE04EC0-301F-11D3-BF4B-00C04F79EFBC}") = "proj", "proj\proj.csproj", "{AE37709E-A4F6-4F8C-A3EC-970C14368927}"
EndProject
Project("{FAE04EC0-301F-11D3-BF4B-00C04F79EFBC}") = "DAL", "DAL\DAL.csproj", "{510B346B-5602-42B4-8F2A-9803B9E12BE7}"
EndProject
Project("{FAE04EC0-301F-11D3-BF4B-00C04F79EFBC}") = "BLL", "BLL\BLL.csproj", "{C5F1E591-288C-4503-B2D3-52B4B080297C}"
EndProject
Project("{FAE04EC0-301F-11D3-BF4B-00C04F79EFBC}") = "BLL.Tests", "BLL.Tests\BLL.Tests.csproj", "{C01D4E99-C1C8-45A4-A996-9375317DD39B}"
EndProject
Global
	GlobalSection(SolutionConfigurationPlatforms) = preSolution
		Debug|Any CPU = Debug|Any CPU
		Release|Any CPU = Release|Any CPU
	EndGlobalSection
	GlobalSection(ProjectConfigurationPlatforms) = postSolution
		{AE37709E-A4F6-4F8C-A3EC-970C14368927}.Debug|Any CPU.ActiveCfg = Debug|Any CPU
		{AE37709E-A4F6-4F8C-A3EC-970C14368927}.Debug|Any CPU.Build.0 = Debug|Any CPU
		{AE37709E-A4F6-4F8C-A3EC-970C14368927}.Release|Any CPU.ActiveCfg = Release|Any CPU
		{AE37709E-A4F6-4F8C-A3EC-970C14368927}.Release|Any CPU.Build.0 = Release|Any CPU
		{510B346B-5602-42B4-8F2A-9803B9E12BE7}.Debug|Any CPU.ActiveCfg = Debug|Any CPU
		{510B346B-5602-42B4-8F2A-9803B9E12BE7}.Debug|Any CPU.Build.0 = Debug|Any CPU
		{510B346B-5602-42B4-8F2A-9803B9E12BE7}.Release|Any CPU.ActiveCfg = Release|Any CPU
		{510B346B-5602-42B4-8F2A-9803B9E12BE7}.Release|Any CPU.Build.0 = Release|Any CPU
		{C5F1E591-288C-4503-B2D3-52B4B080297C}.Debug|Any CPU.ActiveCfg = Debug|Any CPU
		{C5F1E591-288C-4503-B2D3-52B4B080297C}.Debug|Any CPU.Build.0 = Debug|Any CPU
		{C5F1E591-288C-4503-B2D3-52B4B080297C}.Release|Any CPU.ActiveCfg = Release|Any CPU
		{C5F1E591-288C-4503-B2D3-52B4B080297C}.Release|Any CPU.Build.0 = Release|Any CPU
		{C01D4E99-C1C8-45A4-A996-9375317DD39B}.Debug|Any CPU.ActiveCfg = Debug|Any CPU
		{C01D4E99-C1C8-45A4-A996-9375317DD39B}.Debug|Any CPU.Build.0 = Debug|Any CPU
		{C01D4E99-C1C8-45A4-A996-9375317DD39B}.Release|Any CPU.ActiveCfg = Release|Any CPU
		{C01D4E99-C1C8-45A4-A996-9375317DD39B}.Release|Any CPU.Build.0 = Release|Any CPU
	EndGlobalSection
	GlobalSection(SolutionProperties) = preSolution
		HideSolutionNode = FALSE
	EndGlobalSection
	GlobalSection(ExtensibilityGlobals) = postSolution
		SolutionGuid = {50B2C9B9-6E37-4B56-8393-8E3D714150DC}
	EndGlobalSection
EndGlobal
